// !$*UTF8*$!
{
	archiveVersion = 1;
	classes = {
	};
	objectVersion = 52;
	objects = {

/* Begin PBXBuildFile section */
		71142D1F25F83D17004E9FC9 /* AppDelegate.swift in Sources */ = {isa = PBXBuildFile; fileRef = 71142D1E25F83D17004E9FC9 /* AppDelegate.swift */; };
		71142D2125F83D17004E9FC9 /* SceneDelegate.swift in Sources */ = {isa = PBXBuildFile; fileRef = 71142D2025F83D17004E9FC9 /* SceneDelegate.swift */; };
		71142D2325F83D17004E9FC9 /* EditProfileViewController.swift in Sources */ = {isa = PBXBuildFile; fileRef = 71142D2225F83D17004E9FC9 /* EditProfileViewController.swift */; };
		71142D2825F83D1A004E9FC9 /* Assets.xcassets in Resources */ = {isa = PBXBuildFile; fileRef = 71142D2725F83D1A004E9FC9 /* Assets.xcassets */; };
		71142D2B25F83D1A004E9FC9 /* LaunchScreen.storyboard in Resources */ = {isa = PBXBuildFile; fileRef = 71142D2925F83D1A004E9FC9 /* LaunchScreen.storyboard */; };
		71142D3625F83D1A004E9FC9 /* MVPTests.swift in Sources */ = {isa = PBXBuildFile; fileRef = 71142D3525F83D1A004E9FC9 /* MVPTests.swift */; };
		71142D4125F83D1A004E9FC9 /* MVPUITests.swift in Sources */ = {isa = PBXBuildFile; fileRef = 71142D4025F83D1A004E9FC9 /* MVPUITests.swift */; };
		71142D5825F842A1004E9FC9 /* ViewCode.swift in Sources */ = {isa = PBXBuildFile; fileRef = 71142D5725F842A1004E9FC9 /* ViewCode.swift */; };
		71142D5E25F84407004E9FC9 /* SnapKit in Frameworks */ = {isa = PBXBuildFile; productRef = 71142D5D25F84407004E9FC9 /* SnapKit */; };
		7189B14225F873A1007DD1FE /* Profile.swift in Sources */ = {isa = PBXBuildFile; fileRef = 7189B14125F873A1007DD1FE /* Profile.swift */; };
		7189B14B25F873D6007DD1FE /* ProfileValidator.swift in Sources */ = {isa = PBXBuildFile; fileRef = 7189B14A25F873D6007DD1FE /* ProfileValidator.swift */; };
		7189B15325F873F2007DD1FE /* ProfileValidationError.swift in Sources */ = {isa = PBXBuildFile; fileRef = 7189B15225F873F2007DD1FE /* ProfileValidationError.swift */; };
		7189B15925F8741E007DD1FE /* EditProfilePresenter.swift in Sources */ = {isa = PBXBuildFile; fileRef = 7189B15825F8741E007DD1FE /* EditProfilePresenter.swift */; };
		7189B15E25F8745B007DD1FE /* EditProfileView.swift in Sources */ = {isa = PBXBuildFile; fileRef = 7189B15D25F8745B007DD1FE /* EditProfileView.swift */; };
		7189B16425F874A0007DD1FE /* LabeledTextField.swift in Sources */ = {isa = PBXBuildFile; fileRef = 7189B16325F874A0007DD1FE /* LabeledTextField.swift */; };
		71FC481625F922670095D69B /* EditProfileSubmitStuff.swift in Sources */ = {isa = PBXBuildFile; fileRef = 71FC481525F922670095D69B /* EditProfileSubmitStuff.swift */; };
/* End PBXBuildFile section */

/* Begin PBXContainerItemProxy section */
		71142D3225F83D1A004E9FC9 /* PBXContainerItemProxy */ = {
			isa = PBXContainerItemProxy;
			containerPortal = 71142D1325F83D17004E9FC9 /* Project object */;
			proxyType = 1;
			remoteGlobalIDString = 71142D1A25F83D17004E9FC9;
			remoteInfo = MVP;
		};
		71142D3D25F83D1A004E9FC9 /* PBXContainerItemProxy */ = {
			isa = PBXContainerItemProxy;
			containerPortal = 71142D1325F83D17004E9FC9 /* Project object */;
			proxyType = 1;
			remoteGlobalIDString = 71142D1A25F83D17004E9FC9;
			remoteInfo = MVP;
		};
/* End PBXContainerItemProxy section */

/* Begin PBXFileReference section */
		71142D1B25F83D17004E9FC9 /* MVP.app */ = {isa = PBXFileReference; explicitFileType = wrapper.application; includeInIndex = 0; path = MVP.app; sourceTree = BUILT_PRODUCTS_DIR; };
		71142D1E25F83D17004E9FC9 /* AppDelegate.swift */ = {isa = PBXFileReference; lastKnownFileType = sourcecode.swift; path = AppDelegate.swift; sourceTree = "<group>"; };
		71142D2025F83D17004E9FC9 /* SceneDelegate.swift */ = {isa = PBXFileReference; lastKnownFileType = sourcecode.swift; path = SceneDelegate.swift; sourceTree = "<group>"; };
		71142D2225F83D17004E9FC9 /* EditProfileViewController.swift */ = {isa = PBXFileReference; lastKnownFileType = sourcecode.swift; path = EditProfileViewController.swift; sourceTree = "<group>"; };
		71142D2725F83D1A004E9FC9 /* Assets.xcassets */ = {isa = PBXFileReference; lastKnownFileType = folder.assetcatalog; path = Assets.xcassets; sourceTree = "<group>"; };
		71142D2A25F83D1A004E9FC9 /* Base */ = {isa = PBXFileReference; lastKnownFileType = file.storyboard; name = Base; path = Base.lproj/LaunchScreen.storyboard; sourceTree = "<group>"; };
		71142D2C25F83D1A004E9FC9 /* Info.plist */ = {isa = PBXFileReference; lastKnownFileType = text.plist.xml; path = Info.plist; sourceTree = "<group>"; };
		71142D3125F83D1A004E9FC9 /* MVPTests.xctest */ = {isa = PBXFileReference; explicitFileType = wrapper.cfbundle; includeInIndex = 0; path = MVPTests.xctest; sourceTree = BUILT_PRODUCTS_DIR; };
		71142D3525F83D1A004E9FC9 /* MVPTests.swift */ = {isa = PBXFileReference; lastKnownFileType = sourcecode.swift; path = MVPTests.swift; sourceTree = "<group>"; };
		71142D3725F83D1A004E9FC9 /* Info.plist */ = {isa = PBXFileReference; lastKnownFileType = text.plist.xml; path = Info.plist; sourceTree = "<group>"; };
		71142D3C25F83D1A004E9FC9 /* MVPUITests.xctest */ = {isa = PBXFileReference; explicitFileType = wrapper.cfbundle; includeInIndex = 0; path = MVPUITests.xctest; sourceTree = BUILT_PRODUCTS_DIR; };
		71142D4025F83D1A004E9FC9 /* MVPUITests.swift */ = {isa = PBXFileReference; lastKnownFileType = sourcecode.swift; path = MVPUITests.swift; sourceTree = "<group>"; };
		71142D4225F83D1A004E9FC9 /* Info.plist */ = {isa = PBXFileReference; lastKnownFileType = text.plist.xml; path = Info.plist; sourceTree = "<group>"; };
		71142D5725F842A1004E9FC9 /* ViewCode.swift */ = {isa = PBXFileReference; lastKnownFileType = sourcecode.swift; path = ViewCode.swift; sourceTree = "<group>"; };
		7189B14125F873A1007DD1FE /* Profile.swift */ = {isa = PBXFileReference; lastKnownFileType = sourcecode.swift; path = Profile.swift; sourceTree = "<group>"; };
		7189B14A25F873D6007DD1FE /* ProfileValidator.swift */ = {isa = PBXFileReference; lastKnownFileType = sourcecode.swift; path = ProfileValidator.swift; sourceTree = "<group>"; };
		7189B15225F873F2007DD1FE /* ProfileValidationError.swift */ = {isa = PBXFileReference; lastKnownFileType = sourcecode.swift; path = ProfileValidationError.swift; sourceTree = "<group>"; };
		7189B15825F8741E007DD1FE /* EditProfilePresenter.swift */ = {isa = PBXFileReference; lastKnownFileType = sourcecode.swift; path = EditProfilePresenter.swift; sourceTree = "<group>"; };
		7189B15D25F8745B007DD1FE /* EditProfileView.swift */ = {isa = PBXFileReference; lastKnownFileType = sourcecode.swift; path = EditProfileView.swift; sourceTree = "<group>"; };
		7189B16325F874A0007DD1FE /* LabeledTextField.swift */ = {isa = PBXFileReference; lastKnownFileType = sourcecode.swift; path = LabeledTextField.swift; sourceTree = "<group>"; };
		71FC481525F922670095D69B /* EditProfileSubmitStuff.swift */ = {isa = PBXFileReference; lastKnownFileType = sourcecode.swift; path = EditProfileSubmitStuff.swift; sourceTree = "<group>"; };
/* End PBXFileReference section */

/* Begin PBXFrameworksBuildPhase section */
		71142D1825F83D17004E9FC9 /* Frameworks */ = {
			isa = PBXFrameworksBuildPhase;
			buildActionMask = 2147483647;
			files = (
				71142D5E25F84407004E9FC9 /* SnapKit in Frameworks */,
			);
			runOnlyForDeploymentPostprocessing = 0;
		};
		71142D2E25F83D1A004E9FC9 /* Frameworks */ = {
			isa = PBXFrameworksBuildPhase;
			buildActionMask = 2147483647;
			files = (
			);
			runOnlyForDeploymentPostprocessing = 0;
		};
		71142D3925F83D1A004E9FC9 /* Frameworks */ = {
			isa = PBXFrameworksBuildPhase;
			buildActionMask = 2147483647;
			files = (
			);
			runOnlyForDeploymentPostprocessing = 0;
		};
/* End PBXFrameworksBuildPhase section */

/* Begin PBXGroup section */
		71142D1225F83D17004E9FC9 = {
			isa = PBXGroup;
			children = (
				71142D1D25F83D17004E9FC9 /* MVP */,
				71142D3425F83D1A004E9FC9 /* MVPTests */,
				71142D3F25F83D1A004E9FC9 /* MVPUITests */,
				71142D1C25F83D17004E9FC9 /* Products */,
			);
			sourceTree = "<group>";
		};
		71142D1C25F83D17004E9FC9 /* Products */ = {
			isa = PBXGroup;
			children = (
				71142D1B25F83D17004E9FC9 /* MVP.app */,
				71142D3125F83D1A004E9FC9 /* MVPTests.xctest */,
				71142D3C25F83D1A004E9FC9 /* MVPUITests.xctest */,
			);
			name = Products;
			sourceTree = "<group>";
		};
		71142D1D25F83D17004E9FC9 /* MVP */ = {
			isa = PBXGroup;
			children = (
				7189B16825F874D8007DD1FE /* App */,
				7189B16225F87490007DD1FE /* Commons */,
				7189B15725F8740B007DD1FE /* EditProfile */,
				7189B14025F8738E007DD1FE /* Profile */,
				7189B14925F873B9007DD1FE /* ProfileValidation */,
			);
			path = MVP;
			sourceTree = "<group>";
		};
		71142D3425F83D1A004E9FC9 /* MVPTests */ = {
			isa = PBXGroup;
			children = (
				71142D3525F83D1A004E9FC9 /* MVPTests.swift */,
				71142D3725F83D1A004E9FC9 /* Info.plist */,
			);
			path = MVPTests;
			sourceTree = "<group>";
		};
		71142D3F25F83D1A004E9FC9 /* MVPUITests */ = {
			isa = PBXGroup;
			children = (
				71142D4025F83D1A004E9FC9 /* MVPUITests.swift */,
				71142D4225F83D1A004E9FC9 /* Info.plist */,
			);
			path = MVPUITests;
			sourceTree = "<group>";
		};
		7189B14025F8738E007DD1FE /* Profile */ = {
			isa = PBXGroup;
			children = (
				7189B14125F873A1007DD1FE /* Profile.swift */,
			);
			path = Profile;
			sourceTree = "<group>";
		};
		7189B14925F873B9007DD1FE /* ProfileValidation */ = {
			isa = PBXGroup;
			children = (
				7189B14A25F873D6007DD1FE /* ProfileValidator.swift */,
				7189B15225F873F2007DD1FE /* ProfileValidationError.swift */,
			);
			path = ProfileValidation;
			sourceTree = "<group>";
		};
		7189B15725F8740B007DD1FE /* EditProfile */ = {
			isa = PBXGroup;
			children = (
				7189B15825F8741E007DD1FE /* EditProfilePresenter.swift */,
				7189B15D25F8745B007DD1FE /* EditProfileView.swift */,
				71142D2225F83D17004E9FC9 /* EditProfileViewController.swift */,
				71FC481525F922670095D69B /* EditProfileSubmitStuff.swift */,
			);
			path = EditProfile;
			sourceTree = "<group>";
		};
		7189B16225F87490007DD1FE /* Commons */ = {
			isa = PBXGroup;
			children = (
				71142D5725F842A1004E9FC9 /* ViewCode.swift */,
				7189B16325F874A0007DD1FE /* LabeledTextField.swift */,
			);
			path = Commons;
			sourceTree = "<group>";
		};
		7189B16825F874D8007DD1FE /* App */ = {
			isa = PBXGroup;
			children = (
				71142D1E25F83D17004E9FC9 /* AppDelegate.swift */,
				71142D2025F83D17004E9FC9 /* SceneDelegate.swift */,
				71142D2725F83D1A004E9FC9 /* Assets.xcassets */,
				71142D2925F83D1A004E9FC9 /* LaunchScreen.storyboard */,
				71142D2C25F83D1A004E9FC9 /* Info.plist */,
			);
			path = App;
			sourceTree = "<group>";
		};
/* End PBXGroup section */

/* Begin PBXNativeTarget section */
		71142D1A25F83D17004E9FC9 /* MVP */ = {
			isa = PBXNativeTarget;
			buildConfigurationList = 71142D4525F83D1A004E9FC9 /* Build configuration list for PBXNativeTarget "MVP" */;
			buildPhases = (
				71142D1725F83D17004E9FC9 /* Sources */,
				71142D1825F83D17004E9FC9 /* Frameworks */,
				71142D1925F83D17004E9FC9 /* Resources */,
			);
			buildRules = (
			);
			dependencies = (
			);
			name = MVP;
			packageProductDependencies = (
				71142D5D25F84407004E9FC9 /* SnapKit */,
			);
			productName = MVP;
			productReference = 71142D1B25F83D17004E9FC9 /* MVP.app */;
			productType = "com.apple.product-type.application";
		};
		71142D3025F83D1A004E9FC9 /* MVPTests */ = {
			isa = PBXNativeTarget;
			buildConfigurationList = 71142D4825F83D1A004E9FC9 /* Build configuration list for PBXNativeTarget "MVPTests" */;
			buildPhases = (
				71142D2D25F83D1A004E9FC9 /* Sources */,
				71142D2E25F83D1A004E9FC9 /* Frameworks */,
				71142D2F25F83D1A004E9FC9 /* Resources */,
			);
			buildRules = (
			);
			dependencies = (
				71142D3325F83D1A004E9FC9 /* PBXTargetDependency */,
			);
			name = MVPTests;
			productName = MVPTests;
			productReference = 71142D3125F83D1A004E9FC9 /* MVPTests.xctest */;
			productType = "com.apple.product-type.bundle.unit-test";
		};
		71142D3B25F83D1A004E9FC9 /* MVPUITests */ = {
			isa = PBXNativeTarget;
			buildConfigurationList = 71142D4B25F83D1A004E9FC9 /* Build configuration list for PBXNativeTarget "MVPUITests" */;
			buildPhases = (
				71142D3825F83D1A004E9FC9 /* Sources */,
				71142D3925F83D1A004E9FC9 /* Frameworks */,
				71142D3A25F83D1A004E9FC9 /* Resources */,
			);
			buildRules = (
			);
			dependencies = (
				71142D3E25F83D1A004E9FC9 /* PBXTargetDependency */,
			);
			name = MVPUITests;
			productName = MVPUITests;
			productReference = 71142D3C25F83D1A004E9FC9 /* MVPUITests.xctest */;
			productType = "com.apple.product-type.bundle.ui-testing";
		};
/* End PBXNativeTarget section */

/* Begin PBXProject section */
		71142D1325F83D17004E9FC9 /* Project object */ = {
			isa = PBXProject;
			attributes = {
				LastSwiftUpdateCheck = 1240;
				LastUpgradeCheck = 1240;
				TargetAttributes = {
					71142D1A25F83D17004E9FC9 = {
						CreatedOnToolsVersion = 12.4;
					};
					71142D3025F83D1A004E9FC9 = {
						CreatedOnToolsVersion = 12.4;
						TestTargetID = 71142D1A25F83D17004E9FC9;
					};
					71142D3B25F83D1A004E9FC9 = {
						CreatedOnToolsVersion = 12.4;
						TestTargetID = 71142D1A25F83D17004E9FC9;
					};
				};
			};
			buildConfigurationList = 71142D1625F83D17004E9FC9 /* Build configuration list for PBXProject "MVP" */;
			compatibilityVersion = "Xcode 9.3";
			developmentRegion = en;
			hasScannedForEncodings = 0;
			knownRegions = (
				en,
				Base,
			);
			mainGroup = 71142D1225F83D17004E9FC9;
			packageReferences = (
				71142D5C25F84407004E9FC9 /* XCRemoteSwiftPackageReference "SnapKit" */,
			);
			productRefGroup = 71142D1C25F83D17004E9FC9 /* Products */;
			projectDirPath = "";
			projectRoot = "";
			targets = (
				71142D1A25F83D17004E9FC9 /* MVP */,
				71142D3025F83D1A004E9FC9 /* MVPTests */,
				71142D3B25F83D1A004E9FC9 /* MVPUITests */,
			);
		};
/* End PBXProject section */

/* Begin PBXResourcesBuildPhase section */
		71142D1925F83D17004E9FC9 /* Resources */ = {
			isa = PBXResourcesBuildPhase;
			buildActionMask = 2147483647;
			files = (
				71142D2B25F83D1A004E9FC9 /* LaunchScreen.storyboard in Resources */,
				71142D2825F83D1A004E9FC9 /* Assets.xcassets in Resources */,
			);
			runOnlyForDeploymentPostprocessing = 0;
		};
		71142D2F25F83D1A004E9FC9 /* Resources */ = {
			isa = PBXResourcesBuildPhase;
			buildActionMask = 2147483647;
			files = (
			);
			runOnlyForDeploymentPostprocessing = 0;
		};
		71142D3A25F83D1A004E9FC9 /* Resources */ = {
			isa = PBXResourcesBuildPhase;
			buildActionMask = 2147483647;
			files = (
			);
			runOnlyForDeploymentPostprocessing = 0;
		};
/* End PBXResourcesBuildPhase section */

/* Begin PBXSourcesBuildPhase section */
		71142D1725F83D17004E9FC9 /* Sources */ = {
			isa = PBXSourcesBuildPhase;
			buildActionMask = 2147483647;
			files = (
				7189B15E25F8745B007DD1FE /* EditProfileView.swift in Sources */,
				71142D2325F83D17004E9FC9 /* EditProfileViewController.swift in Sources */,
				7189B14225F873A1007DD1FE /* Profile.swift in Sources */,
				7189B14B25F873D6007DD1FE /* ProfileValidator.swift in Sources */,
				71142D1F25F83D17004E9FC9 /* AppDelegate.swift in Sources */,
				7189B15925F8741E007DD1FE /* EditProfilePresenter.swift in Sources */,
				71FC481625F922670095D69B /* EditProfileSubmitStuff.swift in Sources */,
				71142D2125F83D17004E9FC9 /* SceneDelegate.swift in Sources */,
				71142D5825F842A1004E9FC9 /* ViewCode.swift in Sources */,
				7189B15325F873F2007DD1FE /* ProfileValidationError.swift in Sources */,
				7189B16425F874A0007DD1FE /* LabeledTextField.swift in Sources */,
			);
			runOnlyForDeploymentPostprocessing = 0;
		};
		71142D2D25F83D1A004E9FC9 /* Sources */ = {
			isa = PBXSourcesBuildPhase;
			buildActionMask = 2147483647;
			files = (
				71142D3625F83D1A004E9FC9 /* MVPTests.swift in Sources */,
			);
			runOnlyForDeploymentPostprocessing = 0;
		};
		71142D3825F83D1A004E9FC9 /* Sources */ = {
			isa = PBXSourcesBuildPhase;
			buildActionMask = 2147483647;
			files = (
				71142D4125F83D1A004E9FC9 /* MVPUITests.swift in Sources */,
			);
			runOnlyForDeploymentPostprocessing = 0;
		};
/* End PBXSourcesBuildPhase section */

/* Begin PBXTargetDependency section */
		71142D3325F83D1A004E9FC9 /* PBXTargetDependency */ = {
			isa = PBXTargetDependency;
			target = 71142D1A25F83D17004E9FC9 /* MVP */;
			targetProxy = 71142D3225F83D1A004E9FC9 /* PBXContainerItemProxy */;
		};
		71142D3E25F83D1A004E9FC9 /* PBXTargetDependency */ = {
			isa = PBXTargetDependency;
			target = 71142D1A25F83D17004E9FC9 /* MVP */;
			targetProxy = 71142D3D25F83D1A004E9FC9 /* PBXContainerItemProxy */;
		};
/* End PBXTargetDependency section */

/* Begin PBXVariantGroup section */
		71142D2925F83D1A004E9FC9 /* LaunchScreen.storyboard */ = {
			isa = PBXVariantGroup;
			children = (
				71142D2A25F83D1A004E9FC9 /* Base */,
			);
			name = LaunchScreen.storyboard;
			sourceTree = "<group>";
		};
/* End PBXVariantGroup section */

/* Begin XCBuildConfiguration section */
		71142D4325F83D1A004E9FC9 /* Debug */ = {
			isa = XCBuildConfiguration;
			buildSettings = {
				ALWAYS_SEARCH_USER_PATHS = NO;
				CLANG_ANALYZER_NONNULL = YES;
				CLANG_ANALYZER_NUMBER_OBJECT_CONVERSION = YES_AGGRESSIVE;
				CLANG_CXX_LANGUAGE_STANDARD = "gnu++14";
				CLANG_CXX_LIBRARY = "libc++";
				CLANG_ENABLE_MODULES = YES;
				CLANG_ENABLE_OBJC_ARC = YES;
				CLANG_ENABLE_OBJC_WEAK = YES;
				CLANG_WARN_BLOCK_CAPTURE_AUTORELEASING = YES;
				CLANG_WARN_BOOL_CONVERSION = YES;
				CLANG_WARN_COMMA = YES;
				CLANG_WARN_CONSTANT_CONVERSION = YES;
				CLANG_WARN_DEPRECATED_OBJC_IMPLEMENTATIONS = YES;
				CLANG_WARN_DIRECT_OBJC_ISA_USAGE = YES_ERROR;
				CLANG_WARN_DOCUMENTATION_COMMENTS = YES;
				CLANG_WARN_EMPTY_BODY = YES;
				CLANG_WARN_ENUM_CONVERSION = YES;
				CLANG_WARN_INFINITE_RECURSION = YES;
				CLANG_WARN_INT_CONVERSION = YES;
				CLANG_WARN_NON_LITERAL_NULL_CONVERSION = YES;
				CLANG_WARN_OBJC_IMPLICIT_RETAIN_SELF = YES;
				CLANG_WARN_OBJC_LITERAL_CONVERSION = YES;
				CLANG_WARN_OBJC_ROOT_CLASS = YES_ERROR;
				CLANG_WARN_QUOTED_INCLUDE_IN_FRAMEWORK_HEADER = YES;
				CLANG_WARN_RANGE_LOOP_ANALYSIS = YES;
				CLANG_WARN_STRICT_PROTOTYPES = YES;
				CLANG_WARN_SUSPICIOUS_MOVE = YES;
				CLANG_WARN_UNGUARDED_AVAILABILITY = YES_AGGRESSIVE;
				CLANG_WARN_UNREACHABLE_CODE = YES;
				CLANG_WARN__DUPLICATE_METHOD_MATCH = YES;
				COPY_PHASE_STRIP = NO;
				DEBUG_INFORMATION_FORMAT = dwarf;
				ENABLE_STRICT_OBJC_MSGSEND = YES;
				ENABLE_TESTABILITY = YES;
				GCC_C_LANGUAGE_STANDARD = gnu11;
				GCC_DYNAMIC_NO_PIC = NO;
				GCC_NO_COMMON_BLOCKS = YES;
				GCC_OPTIMIZATION_LEVEL = 0;
				GCC_PREPROCESSOR_DEFINITIONS = (
					"DEBUG=1",
					"$(inherited)",
				);
				GCC_WARN_64_TO_32_BIT_CONVERSION = YES;
				GCC_WARN_ABOUT_RETURN_TYPE = YES_ERROR;
				GCC_WARN_UNDECLARED_SELECTOR = YES;
				GCC_WARN_UNINITIALIZED_AUTOS = YES_AGGRESSIVE;
				GCC_WARN_UNUSED_FUNCTION = YES;
				GCC_WARN_UNUSED_VARIABLE = YES;
				IPHONEOS_DEPLOYMENT_TARGET = 14.4;
				MTL_ENABLE_DEBUG_INFO = INCLUDE_SOURCE;
				MTL_FAST_MATH = YES;
				ONLY_ACTIVE_ARCH = YES;
				SDKROOT = iphoneos;
				SWIFT_ACTIVE_COMPILATION_CONDITIONS = DEBUG;
				SWIFT_OPTIMIZATION_LEVEL = "-Onone";
			};
			name = Debug;
		};
		71142D4425F83D1A004E9FC9 /* Release */ = {
			isa = XCBuildConfiguration;
			buildSettings = {
				ALWAYS_SEARCH_USER_PATHS = NO;
				CLANG_ANALYZER_NONNULL = YES;
				CLANG_ANALYZER_NUMBER_OBJECT_CONVERSION = YES_AGGRESSIVE;
				CLANG_CXX_LANGUAGE_STANDARD = "gnu++14";
				CLANG_CXX_LIBRARY = "libc++";
				CLANG_ENABLE_MODULES = YES;
				CLANG_ENABLE_OBJC_ARC = YES;
				CLANG_ENABLE_OBJC_WEAK = YES;
				CLANG_WARN_BLOCK_CAPTURE_AUTORELEASING = YES;
				CLANG_WARN_BOOL_CONVERSION = YES;
				CLANG_WARN_COMMA = YES;
				CLANG_WARN_CONSTANT_CONVERSION = YES;
				CLANG_WARN_DEPRECATED_OBJC_IMPLEMENTATIONS = YES;
				CLANG_WARN_DIRECT_OBJC_ISA_USAGE = YES_ERROR;
				CLANG_WARN_DOCUMENTATION_COMMENTS = YES;
				CLANG_WARN_EMPTY_BODY = YES;
				CLANG_WARN_ENUM_CONVERSION = YES;
				CLANG_WARN_INFINITE_RECURSION = YES;
				CLANG_WARN_INT_CONVERSION = YES;
				CLANG_WARN_NON_LITERAL_NULL_CONVERSION = YES;
				CLANG_WARN_OBJC_IMPLICIT_RETAIN_SELF = YES;
				CLANG_WARN_OBJC_LITERAL_CONVERSION = YES;
				CLANG_WARN_OBJC_ROOT_CLASS = YES_ERROR;
				CLANG_WARN_QUOTED_INCLUDE_IN_FRAMEWORK_HEADER = YES;
				CLANG_WARN_RANGE_LOOP_ANALYSIS = YES;
				CLANG_WARN_STRICT_PROTOTYPES = YES;
				CLANG_WARN_SUSPICIOUS_MOVE = YES;
				CLANG_WARN_UNGUARDED_AVAILABILITY = YES_AGGRESSIVE;
				CLANG_WARN_UNREACHABLE_CODE = YES;
				CLANG_WARN__DUPLICATE_METHOD_MATCH = YES;
				COPY_PHASE_STRIP = NO;
				DEBUG_INFORMATION_FORMAT = "dwarf-with-dsym";
				ENABLE_NS_ASSERTIONS = NO;
				ENABLE_STRICT_OBJC_MSGSEND = YES;
				GCC_C_LANGUAGE_STANDARD = gnu11;
				GCC_NO_COMMON_BLOCKS = YES;
				GCC_WARN_64_TO_32_BIT_CONVERSION = YES;
				GCC_WARN_ABOUT_RETURN_TYPE = YES_ERROR;
				GCC_WARN_UNDECLARED_SELECTOR = YES;
				GCC_WARN_UNINITIALIZED_AUTOS = YES_AGGRESSIVE;
				GCC_WARN_UNUSED_FUNCTION = YES;
				GCC_WARN_UNUSED_VARIABLE = YES;
				IPHONEOS_DEPLOYMENT_TARGET = 14.4;
				MTL_ENABLE_DEBUG_INFO = NO;
				MTL_FAST_MATH = YES;
				SDKROOT = iphoneos;
				SWIFT_COMPILATION_MODE = wholemodule;
				SWIFT_OPTIMIZATION_LEVEL = "-O";
				VALIDATE_PRODUCT = YES;
			};
			name = Release;
		};
		71142D4625F83D1A004E9FC9 /* Debug */ = {
			isa = XCBuildConfiguration;
			buildSettings = {
				ASSETCATALOG_COMPILER_APPICON_NAME = AppIcon;
				ASSETCATALOG_COMPILER_GLOBAL_ACCENT_COLOR_NAME = AccentColor;
				CODE_SIGN_STYLE = Automatic;
				INFOPLIST_FILE = MVP/App/Info.plist;
				LD_RUNPATH_SEARCH_PATHS = (
					"$(inherited)",
					"@executable_path/Frameworks",
				);
				PRODUCT_BUNDLE_IDENTIFIER = honey.MVP;
				PRODUCT_NAME = "$(TARGET_NAME)";
				SWIFT_VERSION = 5.0;
				TARGETED_DEVICE_FAMILY = "1,2";
			};
			name = Debug;
		};
		71142D4725F83D1A004E9FC9 /* Release */ = {
			isa = XCBuildConfiguration;
			buildSettings = {
				ASSETCATALOG_COMPILER_APPICON_NAME = AppIcon;
				ASSETCATALOG_COMPILER_GLOBAL_ACCENT_COLOR_NAME = AccentColor;
				CODE_SIGN_STYLE = Automatic;
				INFOPLIST_FILE = MVP/App/Info.plist;
				LD_RUNPATH_SEARCH_PATHS = (
					"$(inherited)",
					"@executable_path/Frameworks",
				);
				PRODUCT_BUNDLE_IDENTIFIER = honey.MVP;
				PRODUCT_NAME = "$(TARGET_NAME)";
				SWIFT_VERSION = 5.0;
				TARGETED_DEVICE_FAMILY = "1,2";
			};
			name = Release;
		};
		71142D4925F83D1A004E9FC9 /* Debug */ = {
			isa = XCBuildConfiguration;
			buildSettings = {
				ALWAYS_EMBED_SWIFT_STANDARD_LIBRARIES = YES;
				BUNDLE_LOADER = "$(TEST_HOST)";
				CODE_SIGN_STYLE = Automatic;
				INFOPLIST_FILE = MVPTests/Info.plist;
				IPHONEOS_DEPLOYMENT_TARGET = 14.4;
				LD_RUNPATH_SEARCH_PATHS = (
					"$(inherited)",
					"@executable_path/Frameworks",
					"@loader_path/Frameworks",
				);
				PRODUCT_BUNDLE_IDENTIFIER = honey.MVPTests;
				PRODUCT_NAME = "$(TARGET_NAME)";
				SWIFT_VERSION = 5.0;
				TARGETED_DEVICE_FAMILY = "1,2";
				TEST_HOST = "$(BUILT_PRODUCTS_DIR)/MVP.app/MVP";
			};
			name = Debug;
		};
		71142D4A25F83D1A004E9FC9 /* Release */ = {
			isa = XCBuildConfiguration;
			buildSettings = {
				ALWAYS_EMBED_SWIFT_STANDARD_LIBRARIES = YES;
				BUNDLE_LOADER = "$(TEST_HOST)";
				CODE_SIGN_STYLE = Automatic;
				INFOPLIST_FILE = MVPTests/Info.plist;
				IPHONEOS_DEPLOYMENT_TARGET = 14.4;
				LD_RUNPATH_SEARCH_PATHS = (
					"$(inherited)",
					"@executable_path/Frameworks",
					"@loader_path/Frameworks",
				);
				PRODUCT_BUNDLE_IDENTIFIER = honey.MVPTests;
				PRODUCT_NAME = "$(TARGET_NAME)";
				SWIFT_VERSION = 5.0;
				TARGETED_DEVICE_FAMILY = "1,2";
				TEST_HOST = "$(BUILT_PRODUCTS_DIR)/MVP.app/MVP";
			};
			name = Release;
		};
		71142D4C25F83D1A004E9FC9 /* Debug */ = {
			isa = XCBuildConfiguration;
			buildSettings = {
				ALWAYS_EMBED_SWIFT_STANDARD_LIBRARIES = YES;
				CODE_SIGN_STYLE = Automatic;
				INFOPLIST_FILE = MVPUITests/Info.plist;
				LD_RUNPATH_SEARCH_PATHS = (
					"$(inherited)",
					"@executable_path/Frameworks",
					"@loader_path/Frameworks",
				);
				PRODUCT_BUNDLE_IDENTIFIER = honey.MVPUITests;
				PRODUCT_NAME = "$(TARGET_NAME)";
				SWIFT_VERSION = 5.0;
				TARGETED_DEVICE_FAMILY = "1,2";
				TEST_TARGET_NAME = MVP;
			};
			name = Debug;
		};
		71142D4D25F83D1A004E9FC9 /* Release */ = {
			isa = XCBuildConfiguration;
			buildSettings = {
				ALWAYS_EMBED_SWIFT_STANDARD_LIBRARIES = YES;
				CODE_SIGN_STYLE = Automatic;
				INFOPLIST_FILE = MVPUITests/Info.plist;
				LD_RUNPATH_SEARCH_PATHS = (
					"$(inherited)",
					"@executable_path/Frameworks",
					"@loader_path/Frameworks",
				);
				PRODUCT_BUNDLE_IDENTIFIER = honey.MVPUITests;
				PRODUCT_NAME = "$(TARGET_NAME)";
				SWIFT_VERSION = 5.0;
				TARGETED_DEVICE_FAMILY = "1,2";
				TEST_TARGET_NAME = MVP;
			};
			name = Release;
		};
/* End XCBuildConfiguration section */

/* Begin XCConfigurationList section */
		71142D1625F83D17004E9FC9 /* Build configuration list for PBXProject "MVP" */ = {
			isa = XCConfigurationList;
			buildConfigurations = (
				71142D4325F83D1A004E9FC9 /* Debug */,
				71142D4425F83D1A004E9FC9 /* Release */,
			);
			defaultConfigurationIsVisible = 0;
			defaultConfigurationName = Release;
		};
		71142D4525F83D1A004E9FC9 /* Build configuration list for PBXNativeTarget "MVP" */ = {
			isa = XCConfigurationList;
			buildConfigurations = (
				71142D4625F83D1A004E9FC9 /* Debug */,
				71142D4725F83D1A004E9FC9 /* Release */,
			);
			defaultConfigurationIsVisible = 0;
			defaultConfigurationName = Release;
		};
		71142D4825F83D1A004E9FC9 /* Build configuration list for PBXNativeTarget "MVPTests" */ = {
			isa = XCConfigurationList;
			buildConfigurations = (
				71142D4925F83D1A004E9FC9 /* Debug */,
				71142D4A25F83D1A004E9FC9 /* Release */,
			);
			defaultConfigurationIsVisible = 0;
			defaultConfigurationName = Release;
		};
		71142D4B25F83D1A004E9FC9 /* Build configuration list for PBXNativeTarget "MVPUITests" */ = {
			isa = XCConfigurationList;
			buildConfigurations = (
				71142D4C25F83D1A004E9FC9 /* Debug */,
				71142D4D25F83D1A004E9FC9 /* Release */,
			);
			defaultConfigurationIsVisible = 0;
			defaultConfigurationName = Release;
		};
/* End XCConfigurationList section */

/* Begin XCRemoteSwiftPackageReference section */
		71142D5C25F84407004E9FC9 /* XCRemoteSwiftPackageReference "SnapKit" */ = {
			isa = XCRemoteSwiftPackageReference;
			repositoryURL = "https://github.com/SnapKit/SnapKit";
			requirement = {
				kind = upToNextMajorVersion;
				minimumVersion = 5.0.1;
			};
		};
/* End XCRemoteSwiftPackageReference section */

/* Begin XCSwiftPackageProductDependency section */
		71142D5D25F84407004E9FC9 /* SnapKit */ = {
			isa = XCSwiftPackageProductDependency;
			package = 71142D5C25F84407004E9FC9 /* XCRemoteSwiftPackageReference "SnapKit" */;
			productName = SnapKit;
		};
/* End XCSwiftPackageProductDependency section */
	};
	rootObject = 71142D1325F83D17004E9FC9 /* Project object */;
}
